
Microsoft Visual Studio Solution File, Format Version 12.00
# Visual Studio Version 17
VisualStudioVersion = 17.8.34330.188
MinimumVisualStudioVersion = 10.0.40219.1
Project("{FAE04EC0-301F-11D3-BF4B-00C04F79EFBC}") = "Dispenser", "Dispenser.csproj", "{A85970EF-7030-422C-9A6B-873862BA42E0}"
EndProject
Global
	GlobalSection(SolutionConfigurationPlatforms) = preSolution
		1.4|Any CPU = 1.4|Any CPU
		1.5|Any CPU = 1.5|Any CPU
	EndGlobalSection
	GlobalSection(ProjectConfigurationPlatforms) = postSolution
		{A85970EF-7030-422C-9A6B-873862BA42E0}.1.4|Any CPU.ActiveCfg = 1.4|Any CPU
		{A85970EF-7030-422C-9A6B-873862BA42E0}.1.4|Any CPU.Build.0 = 1.4|Any CPU
		{A85970EF-7030-422C-9A6B-873862BA42E0}.1.5|Any CPU.ActiveCfg = 1.5|Any CPU
		{A85970EF-7030-422C-9A6B-873862BA42E0}.1.5|Any CPU.Build.0 = 1.5|Any CPU
	EndGlobalSection
	GlobalSection(SolutionProperties) = preSolution
		HideSolutionNode = FALSE
	EndGlobalSection
	GlobalSection(ExtensibilityGlobals) = postSolution
		SolutionGuid = {1F618886-447B-4E28-A343-0C7689686861}
	EndGlobalSection
EndGlobal
